
Microsoft Visual Studio Solution File, Format Version 12.00
# Visual Studio Version 17
VisualStudioVersion = 17.5.33530.505
MinimumVisualStudioVersion = 10.0.40219.1
Project("{888888A0-9F3D-457C-B088-3A5042F75D52}") = "QLSV", "QLSV\QLSV.pyproj", "{06CF2CBF-328F-4956-A36D-B22B3C608DB0}"
EndProject
Global
	GlobalSection(SolutionConfigurationPlatforms) = preSolution
		Debug|Any CPU = Debug|Any CPU
		Release|Any CPU = Release|Any CPU
	EndGlobalSection
	GlobalSection(ProjectConfigurationPlatforms) = postSolution
		{06CF2CBF-328F-4956-A36D-B22B3C608DB0}.Debug|Any CPU.ActiveCfg = Debug|Any CPU
		{06CF2CBF-328F-4956-A36D-B22B3C608DB0}.Release|Any CPU.ActiveCfg = Release|Any CPU
	EndGlobalSection
	GlobalSection(SolutionProperties) = preSolution
		HideSolutionNode = FALSE
	EndGlobalSection
	GlobalSection(ExtensibilityGlobals) = postSolution
		SolutionGuid = {327A4C81-69DE-414A-B2BE-1E71C2CDAC5B}
	EndGlobalSection
EndGlobal
